
Microsoft Visual Studio Solution File, Format Version 12.00
# Visual Studio 15
VisualStudioVersion = 15.0.27428.2027
MinimumVisualStudioVersion = 10.0.40219.1
Project("{FAE04EC0-301F-11D3-BF4B-00C04F79EFBC}") = "WseToApiMigrationAddOn", "WseToApiMigrationAddOn\WseToApiMigrationAddOn.csproj", "{CEE67191-7D96-49D3-BE36-53036957CFBE}"
EndProject
Global
	GlobalSection(SolutionConfigurationPlatforms) = preSolution
		Debug|Any CPU = Debug|Any CPU
		Release|Any CPU = Release|Any CPU
	EndGlobalSection
	GlobalSection(ProjectConfigurationPlatforms) = postSolution
		{CEE67191-7D96-49D3-BE36-53036957CFBE}.Debug|Any CPU.ActiveCfg = Debug|Any CPU
		{CEE67191-7D96-49D3-BE36-53036957CFBE}.Debug|Any CPU.Build.0 = Debug|Any CPU
		{CEE67191-7D96-49D3-BE36-53036957CFBE}.Release|Any CPU.ActiveCfg = Release|Any CPU
		{CEE67191-7D96-49D3-BE36-53036957CFBE}.Release|Any CPU.Build.0 = Release|Any CPU
	EndGlobalSection
	GlobalSection(SolutionProperties) = preSolution
		HideSolutionNode = FALSE
	EndGlobalSection
	GlobalSection(ExtensibilityGlobals) = postSolution
		SolutionGuid = {2FE13683-7386-4058-8761-487BCA434159}
	EndGlobalSection
EndGlobal
